
Microsoft Visual Studio Solution File, Format Version 12.00
# Visual Studio Version 17
VisualStudioVersion = 17.13.35806.99 d17.13
MinimumVisualStudioVersion = 10.0.40219.1
Project("{FAE04EC0-301F-11D3-BF4B-00C04F79EFBC}") = "SchoolProject.API", "SchoolProject.API\SchoolProject.API.csproj", "{67C86F6A-A153-4DE7-A1AD-D7AB2E2D11C0}"
EndProject
Project("{FAE04EC0-301F-11D3-BF4B-00C04F79EFBC}") = "SchoolProject.Core", "SchoolProject.Core\SchoolProject.Core.csproj", "{28445C5E-9A3F-4E4B-8E39-4E165A3EAEF6}"
EndProject
Project("{FAE04EC0-301F-11D3-BF4B-00C04F79EFBC}") = "SchoolProject.Data", "SchoolProject.Data\SchoolProject.Data.csproj", "{CCFB6DA0-0ACC-4878-8BED-6332DA76D68F}"
EndProject
Project("{FAE04EC0-301F-11D3-BF4B-00C04F79EFBC}") = "SchoolProject.Service", "SchoolProject.Service\SchoolProject.Service.csproj", "{AABBFF3A-A9B8-4B46-AAC9-3B8E7A3D6F0C}"
EndProject
Project("{FAE04EC0-301F-11D3-BF4B-00C04F79EFBC}") = "SchoolProject.Infrastructure", "SchoolProject.Infrastructure\SchoolProject.Infrastructure.csproj", "{3513870C-9E79-41BD-B99D-AC0DEC78DE74}"
EndProject
Global
	GlobalSection(SolutionConfigurationPlatforms) = preSolution
		Debug|Any CPU = Debug|Any CPU
		Release|Any CPU = Release|Any CPU
	EndGlobalSection
	GlobalSection(ProjectConfigurationPlatforms) = postSolution
		{67C86F6A-A153-4DE7-A1AD-D7AB2E2D11C0}.Debug|Any CPU.ActiveCfg = Debug|Any CPU
		{67C86F6A-A153-4DE7-A1AD-D7AB2E2D11C0}.Debug|Any CPU.Build.0 = Debug|Any CPU
		{67C86F6A-A153-4DE7-A1AD-D7AB2E2D11C0}.Release|Any CPU.ActiveCfg = Release|Any CPU
		{67C86F6A-A153-4DE7-A1AD-D7AB2E2D11C0}.Release|Any CPU.Build.0 = Release|Any CPU
		{28445C5E-9A3F-4E4B-8E39-4E165A3EAEF6}.Debug|Any CPU.ActiveCfg = Debug|Any CPU
		{28445C5E-9A3F-4E4B-8E39-4E165A3EAEF6}.Debug|Any CPU.Build.0 = Debug|Any CPU
		{28445C5E-9A3F-4E4B-8E39-4E165A3EAEF6}.Release|Any CPU.ActiveCfg = Release|Any CPU
		{28445C5E-9A3F-4E4B-8E39-4E165A3EAEF6}.Release|Any CPU.Build.0 = Release|Any CPU
		{CCFB6DA0-0ACC-4878-8BED-6332DA76D68F}.Debug|Any CPU.ActiveCfg = Debug|Any CPU
		{CCFB6DA0-0ACC-4878-8BED-6332DA76D68F}.Debug|Any CPU.Build.0 = Debug|Any CPU
		{CCFB6DA0-0ACC-4878-8BED-6332DA76D68F}.Release|Any CPU.ActiveCfg = Release|Any CPU
		{CCFB6DA0-0ACC-4878-8BED-6332DA76D68F}.Release|Any CPU.Build.0 = Release|Any CPU
		{AABBFF3A-A9B8-4B46-AAC9-3B8E7A3D6F0C}.Debug|Any CPU.ActiveCfg = Debug|Any CPU
		{AABBFF3A-A9B8-4B46-AAC9-3B8E7A3D6F0C}.Debug|Any CPU.Build.0 = Debug|Any CPU
		{AABBFF3A-A9B8-4B46-AAC9-3B8E7A3D6F0C}.Release|Any CPU.ActiveCfg = Release|Any CPU
		{AABBFF3A-A9B8-4B46-AAC9-3B8E7A3D6F0C}.Release|Any CPU.Build.0 = Release|Any CPU
		{3513870C-9E79-41BD-B99D-AC0DEC78DE74}.Debug|Any CPU.ActiveCfg = Debug|Any CPU
		{3513870C-9E79-41BD-B99D-AC0DEC78DE74}.Debug|Any CPU.Build.0 = Debug|Any CPU
		{3513870C-9E79-41BD-B99D-AC0DEC78DE74}.Release|Any CPU.ActiveCfg = Release|Any CPU
		{3513870C-9E79-41BD-B99D-AC0DEC78DE74}.Release|Any CPU.Build.0 = Release|Any CPU
	EndGlobalSection
	GlobalSection(SolutionProperties) = preSolution
		HideSolutionNode = FALSE
	EndGlobalSection
	GlobalSection(ExtensibilityGlobals) = postSolution
		SolutionGuid = {DE923C99-F4C3-4AC6-A09C-EBA46DB3B2C7}
	EndGlobalSection
EndGlobal
